
Microsoft Visual Studio Solution File, Format Version 12.00
# Visual Studio 15
VisualStudioVersion = 15.0.28307.329
MinimumVisualStudioVersion = 10.0.40219.1
Project("{FAE04EC0-301F-11D3-BF4B-00C04F79EFBC}") = "SynthRidersPluginBasic", "SynthRidersPluginBasic.csproj", "{70536568-5F8D-48F1-ADF2-E7BDB4596DB1}"
EndProject
Global
	GlobalSection(SolutionConfigurationPlatforms) = preSolution
		Debug|Any CPU = Debug|Any CPU
		Release|Any CPU = Release|Any CPU
	EndGlobalSection
	GlobalSection(ProjectConfigurationPlatforms) = postSolution
		{70536568-5F8D-48F1-ADF2-E7BDB4596DB1}.Debug|Any CPU.ActiveCfg = Debug|Any CPU
		{70536568-5F8D-48F1-ADF2-E7BDB4596DB1}.Debug|Any CPU.Build.0 = Debug|Any CPU
		{70536568-5F8D-48F1-ADF2-E7BDB4596DB1}.Release|Any CPU.ActiveCfg = Release|Any CPU
		{70536568-5F8D-48F1-ADF2-E7BDB4596DB1}.Release|Any CPU.Build.0 = Release|Any CPU
	EndGlobalSection
	GlobalSection(SolutionProperties) = preSolution
		HideSolutionNode = FALSE
	EndGlobalSection
	GlobalSection(ExtensibilityGlobals) = postSolution
		SolutionGuid = {DAD8EFB6-052F-4BC5-A292-D44D5F294AFA}
	EndGlobalSection
EndGlobal
